
Microsoft Visual Studio Solution File, Format Version 12.00
# Visual Studio Version 17
VisualStudioVersion = 17.2.32519.379
MinimumVisualStudioVersion = 10.0.40219.1
Project("{FAE04EC0-301F-11D3-BF4B-00C04F79EFBC}") = "Formativa6_ChristianPasten", "Formativa6_ChristianPasten.csproj", "{7C3DD9B7-D1B4-4BCC-81C2-7909402C0542}"
EndProject
Global
	GlobalSection(SolutionConfigurationPlatforms) = preSolution
		Debug|Any CPU = Debug|Any CPU
		Release|Any CPU = Release|Any CPU
	EndGlobalSection
	GlobalSection(ProjectConfigurationPlatforms) = postSolution
		{7C3DD9B7-D1B4-4BCC-81C2-7909402C0542}.Debug|Any CPU.ActiveCfg = Debug|Any CPU
		{7C3DD9B7-D1B4-4BCC-81C2-7909402C0542}.Debug|Any CPU.Build.0 = Debug|Any CPU
		{7C3DD9B7-D1B4-4BCC-81C2-7909402C0542}.Release|Any CPU.ActiveCfg = Release|Any CPU
		{7C3DD9B7-D1B4-4BCC-81C2-7909402C0542}.Release|Any CPU.Build.0 = Release|Any CPU
	EndGlobalSection
	GlobalSection(SolutionProperties) = preSolution
		HideSolutionNode = FALSE
	EndGlobalSection
	GlobalSection(ExtensibilityGlobals) = postSolution
		SolutionGuid = {A9C06751-6053-4745-93F1-2413001D48D0}
	EndGlobalSection
EndGlobal
